
Microsoft Visual Studio Solution File, Format Version 12.00
# Visual Studio 2012
Project("{FAE04EC0-301F-11D3-BF4B-00C04F79EFBC}") = "ilida.mobile", "ilida.mobile\ilida.mobile.csproj", "{C02F17DC-1AEB-4E62-A9B9-B34D548D7DF7}"
EndProject
Project("{FAE04EC0-301F-11D3-BF4B-00C04F79EFBC}") = "ilida.mobile.iOS", "iOS\ilida.mobile.iOS.csproj", "{8A32E867-5526-4094-B2E7-E036287EAA1A}"
EndProject
Project("{FAE04EC0-301F-11D3-BF4B-00C04F79EFBC}") = "ilida.mobile.Droid", "Droid\ilida.mobile.Droid.csproj", "{7F79F7A4-98E7-4C08-B70A-C6DC13B77354}"
EndProject
Project("{FAE04EC0-301F-11D3-BF4B-00C04F79EFBC}") = "ilida.client", "ilida.client\ilida.client.csproj", "{87DE6159-7378-481F-9DB5-2C99BDB9FFF4}"
EndProject
Global
	GlobalSection(SolutionConfigurationPlatforms) = preSolution
		Debug|Any CPU = Debug|Any CPU
		Release|Any CPU = Release|Any CPU
		Debug|iPhoneSimulator = Debug|iPhoneSimulator
		Release|iPhone = Release|iPhone
		Release|iPhoneSimulator = Release|iPhoneSimulator
		Debug|iPhone = Debug|iPhone
	EndGlobalSection
	GlobalSection(ProjectConfigurationPlatforms) = postSolution
		{C02F17DC-1AEB-4E62-A9B9-B34D548D7DF7}.Debug|Any CPU.ActiveCfg = Debug|Any CPU
		{C02F17DC-1AEB-4E62-A9B9-B34D548D7DF7}.Debug|Any CPU.Build.0 = Debug|Any CPU
		{C02F17DC-1AEB-4E62-A9B9-B34D548D7DF7}.Release|Any CPU.ActiveCfg = Release|Any CPU
		{C02F17DC-1AEB-4E62-A9B9-B34D548D7DF7}.Release|Any CPU.Build.0 = Release|Any CPU
		{C02F17DC-1AEB-4E62-A9B9-B34D548D7DF7}.Debug|iPhoneSimulator.ActiveCfg = Debug|Any CPU
		{C02F17DC-1AEB-4E62-A9B9-B34D548D7DF7}.Debug|iPhoneSimulator.Build.0 = Debug|Any CPU
		{C02F17DC-1AEB-4E62-A9B9-B34D548D7DF7}.Release|iPhone.ActiveCfg = Release|Any CPU
		{C02F17DC-1AEB-4E62-A9B9-B34D548D7DF7}.Release|iPhone.Build.0 = Release|Any CPU
		{C02F17DC-1AEB-4E62-A9B9-B34D548D7DF7}.Release|iPhoneSimulator.ActiveCfg = Release|Any CPU
		{C02F17DC-1AEB-4E62-A9B9-B34D548D7DF7}.Release|iPhoneSimulator.Build.0 = Release|Any CPU
		{C02F17DC-1AEB-4E62-A9B9-B34D548D7DF7}.Debug|iPhone.ActiveCfg = Debug|Any CPU
		{C02F17DC-1AEB-4E62-A9B9-B34D548D7DF7}.Debug|iPhone.Build.0 = Debug|Any CPU
		{8A32E867-5526-4094-B2E7-E036287EAA1A}.Debug|Any CPU.ActiveCfg = Debug|iPhoneSimulator
		{8A32E867-5526-4094-B2E7-E036287EAA1A}.Debug|Any CPU.Build.0 = Debug|iPhoneSimulator
		{8A32E867-5526-4094-B2E7-E036287EAA1A}.Release|Any CPU.ActiveCfg = Release|iPhone
		{8A32E867-5526-4094-B2E7-E036287EAA1A}.Release|Any CPU.Build.0 = Release|iPhone
		{8A32E867-5526-4094-B2E7-E036287EAA1A}.Debug|iPhoneSimulator.ActiveCfg = Debug|iPhoneSimulator
		{8A32E867-5526-4094-B2E7-E036287EAA1A}.Debug|iPhoneSimulator.Build.0 = Debug|iPhoneSimulator
		{8A32E867-5526-4094-B2E7-E036287EAA1A}.Release|iPhone.ActiveCfg = Release|iPhone
		{8A32E867-5526-4094-B2E7-E036287EAA1A}.Release|iPhone.Build.0 = Release|iPhone
		{8A32E867-5526-4094-B2E7-E036287EAA1A}.Release|iPhoneSimulator.ActiveCfg = Release|iPhoneSimulator
		{8A32E867-5526-4094-B2E7-E036287EAA1A}.Release|iPhoneSimulator.Build.0 = Release|iPhoneSimulator
		{8A32E867-5526-4094-B2E7-E036287EAA1A}.Debug|iPhone.ActiveCfg = Debug|iPhone
		{8A32E867-5526-4094-B2E7-E036287EAA1A}.Debug|iPhone.Build.0 = Debug|iPhone
		{7F79F7A4-98E7-4C08-B70A-C6DC13B77354}.Debug|Any CPU.ActiveCfg = Debug|Any CPU
		{7F79F7A4-98E7-4C08-B70A-C6DC13B77354}.Debug|Any CPU.Build.0 = Debug|Any CPU
		{7F79F7A4-98E7-4C08-B70A-C6DC13B77354}.Release|Any CPU.ActiveCfg = Release|Any CPU
		{7F79F7A4-98E7-4C08-B70A-C6DC13B77354}.Release|Any CPU.Build.0 = Release|Any CPU
		{7F79F7A4-98E7-4C08-B70A-C6DC13B77354}.Debug|iPhoneSimulator.ActiveCfg = Debug|Any CPU
		{7F79F7A4-98E7-4C08-B70A-C6DC13B77354}.Debug|iPhoneSimulator.Build.0 = Debug|Any CPU
		{7F79F7A4-98E7-4C08-B70A-C6DC13B77354}.Release|iPhone.ActiveCfg = Release|Any CPU
		{7F79F7A4-98E7-4C08-B70A-C6DC13B77354}.Release|iPhone.Build.0 = Release|Any CPU
		{7F79F7A4-98E7-4C08-B70A-C6DC13B77354}.Release|iPhoneSimulator.ActiveCfg = Release|Any CPU
		{7F79F7A4-98E7-4C08-B70A-C6DC13B77354}.Release|iPhoneSimulator.Build.0 = Release|Any CPU
		{7F79F7A4-98E7-4C08-B70A-C6DC13B77354}.Debug|iPhone.ActiveCfg = Debug|Any CPU
		{7F79F7A4-98E7-4C08-B70A-C6DC13B77354}.Debug|iPhone.Build.0 = Debug|Any CPU
		{87DE6159-7378-481F-9DB5-2C99BDB9FFF4}.Debug|Any CPU.ActiveCfg = Debug|Any CPU
		{87DE6159-7378-481F-9DB5-2C99BDB9FFF4}.Debug|Any CPU.Build.0 = Debug|Any CPU
		{87DE6159-7378-481F-9DB5-2C99BDB9FFF4}.Release|Any CPU.ActiveCfg = Release|Any CPU
		{87DE6159-7378-481F-9DB5-2C99BDB9FFF4}.Release|Any CPU.Build.0 = Release|Any CPU
		{87DE6159-7378-481F-9DB5-2C99BDB9FFF4}.Debug|iPhoneSimulator.ActiveCfg = Debug|Any CPU
		{87DE6159-7378-481F-9DB5-2C99BDB9FFF4}.Debug|iPhoneSimulator.Build.0 = Debug|Any CPU
		{87DE6159-7378-481F-9DB5-2C99BDB9FFF4}.Release|iPhone.ActiveCfg = Release|Any CPU
		{87DE6159-7378-481F-9DB5-2C99BDB9FFF4}.Release|iPhone.Build.0 = Release|Any CPU
		{87DE6159-7378-481F-9DB5-2C99BDB9FFF4}.Release|iPhoneSimulator.ActiveCfg = Release|Any CPU
		{87DE6159-7378-481F-9DB5-2C99BDB9FFF4}.Release|iPhoneSimulator.Build.0 = Release|Any CPU
		{87DE6159-7378-481F-9DB5-2C99BDB9FFF4}.Debug|iPhone.ActiveCfg = Debug|Any CPU
		{87DE6159-7378-481F-9DB5-2C99BDB9FFF4}.Debug|iPhone.Build.0 = Debug|Any CPU
	EndGlobalSection
EndGlobal
